
Microsoft Visual Studio Solution File, Format Version 12.00
# Visual Studio Version 16
VisualStudioVersion = 16.0.31205.134
MinimumVisualStudioVersion = 10.0.40219.1
Project("{2150E333-8FDC-42A3-9474-1A3956D46DE8}") = "src", "src", "{8B67DB72-5CC8-441F-9EFF-8F41BB637DA8}"
EndProject
Project("{2150E333-8FDC-42A3-9474-1A3956D46DE8}") = "items", "items", "{4835CA7C-4548-46EC-BE45-F716251461DD}"
	ProjectSection(SolutionItems) = preProject
		.editorconfig = .editorconfig
		.gitignore = .gitignore
		coverlet.runsettings = coverlet.runsettings
		gitversion.yml = gitversion.yml
		LICENSE = LICENSE
		README.md = README.md
	EndProjectSection
EndProject
Project("{2150E333-8FDC-42A3-9474-1A3956D46DE8}") = ".github", ".github", "{A08DBB7E-DDD4-49BB-9A49-5E3FB88EE878}"
	ProjectSection(SolutionItems) = preProject
		.github\dependabot.yml = .github\dependabot.yml
	EndProjectSection
EndProject
Project("{2150E333-8FDC-42A3-9474-1A3956D46DE8}") = "workflows", "workflows", "{4E4394F6-91C7-43E2-BEDA-B7F8EBBA2C68}"
	ProjectSection(SolutionItems) = preProject
		.github\workflows\codeql-analysis.yml = .github\workflows\codeql-analysis.yml
		.github\workflows\continuous-deployment.yml = .github\workflows\continuous-deployment.yml
		.github\workflows\continuous-integration.yml = .github\workflows\continuous-integration.yml
		.github\workflows\external-pr-tests-results.yml = .github\workflows\external-pr-tests-results.yml
		.github\workflows\releases.yml = .github\workflows\releases.yml
	EndProjectSection
EndProject
Project("{9A19103F-16F7-4668-BE54-9A1E7A4F7556}") = "Proffer.Storage", "src\Proffer.Storage\Proffer.Storage.csproj", "{0CA36021-3FA3-4688-8D61-A2B8A0FB168C}"
EndProject
Project("{9A19103F-16F7-4668-BE54-9A1E7A4F7556}") = "Proffer.Storage.FileSystem", "src\Proffer.Storage.FileSystem\Proffer.Storage.FileSystem.csproj", "{F53D7921-7828-4AF6-BE1E-DB81E80A65CC}"
EndProject
Project("{9A19103F-16F7-4668-BE54-9A1E7A4F7556}") = "Proffer.Storage.FileSystem.Properties.Json", "src\Proffer.Storage.FileSystem.Properties.Json\Proffer.Storage.FileSystem.Properties.Json.csproj", "{E72BC0D9-6BD2-4D8D-8A59-ABB2815B1E85}"
EndProject
Project("{9A19103F-16F7-4668-BE54-9A1E7A4F7556}") = "Proffer.Storage.FileSystem.Server", "src\Proffer.Storage.FileSystem.Server\Proffer.Storage.FileSystem.Server.csproj", "{BB8C05EF-BC14-4C92-9B07-2A616BA0FF45}"
EndProject
Project("{9A19103F-16F7-4668-BE54-9A1E7A4F7556}") = "Proffer.Templating", "src\Proffer.Templating\Proffer.Templating.csproj", "{A4D06911-E1A1-4339-A0F0-0F851F764EB4}"
EndProject
Project("{9A19103F-16F7-4668-BE54-9A1E7A4F7556}") = "Proffer.Templating.Handlebars", "src\Proffer.Templating.Handlebars\Proffer.Templating.Handlebars.csproj", "{EC165D4F-A105-482F-B1B5-9BF187410C62}"
EndProject
Project("{9A19103F-16F7-4668-BE54-9A1E7A4F7556}") = "Proffer.Templating.Mustache", "src\Proffer.Templating.Mustache\Proffer.Templating.Mustache.csproj", "{E4F3443D-5922-4E44-91A2-3645B2E18949}"
EndProject
Project("{9A19103F-16F7-4668-BE54-9A1E7A4F7556}") = "Proffer.Email", "src\Proffer.Email\Proffer.Email.csproj", "{FC2F0665-F55E-4557-90F8-DC66AA2C8658}"
EndProject
Project("{9A19103F-16F7-4668-BE54-9A1E7A4F7556}") = "Proffer.Email.InMemory", "src\Proffer.Email.InMemory\Proffer.Email.InMemory.csproj", "{D930DB6F-D3EF-4274-AC56-48268B68F6C2}"
EndProject
Project("{9A19103F-16F7-4668-BE54-9A1E7A4F7556}") = "Proffer.Email.SendGrid", "src\Proffer.Email.SendGrid\Proffer.Email.SendGrid.csproj", "{71EB6650-2C03-4DA2-89FA-C4443CB0FB2A}"
EndProject
Project("{9A19103F-16F7-4668-BE54-9A1E7A4F7556}") = "Proffer.Email.Smtp", "src\Proffer.Email.Smtp\Proffer.Email.Smtp.csproj", "{60BA8317-9CDB-4002-9E43-88EB8BBB3280}"
EndProject
Project("{2150E333-8FDC-42A3-9474-1A3956D46DE8}") = "tests", "tests", "{EB0DAEC2-2EEE-4833-8180-353882615CEC}"
EndProject
Project("{9A19103F-16F7-4668-BE54-9A1E7A4F7556}") = "Proffer.Testing", "tests\Proffer.Testing\Proffer.Testing.csproj", "{815899B8-C129-469A-B169-2A59E65181F1}"
EndProject
Project("{9A19103F-16F7-4668-BE54-9A1E7A4F7556}") = "Proffer.Email.SendGrid.Tests", "tests\Proffer.Email.SendGrid.Tests\Proffer.Email.SendGrid.Tests.csproj", "{A1BABC33-523C-419B-8407-67A3BCE53737}"
EndProject
Project("{9A19103F-16F7-4668-BE54-9A1E7A4F7556}") = "Proffer.Storage.Tests", "tests\Proffer.Storage.Tests\Proffer.Storage.Tests.csproj", "{1BBECE5A-7008-4D23-9DC6-FEC42AB57D85}"
EndProject
Project("{9A19103F-16F7-4668-BE54-9A1E7A4F7556}") = "Proffer.Storage.FileSystem.Tests", "tests\Proffer.Storage.FileSystem.Tests\Proffer.Storage.FileSystem.Tests.csproj", "{62473356-141D-438C-8D51-D34191F08A26}"
EndProject
Project("{9A19103F-16F7-4668-BE54-9A1E7A4F7556}") = "Proffer.Storage.FileSystem.Properties.Json.Tests", "tests\Proffer.Storage.FileSystem.Properties.Json.Tests\Proffer.Storage.FileSystem.Properties.Json.Tests.csproj", "{1C21F39F-1045-4890-820E-F4328A2BAF86}"
EndProject
Project("{9A19103F-16F7-4668-BE54-9A1E7A4F7556}") = "Proffer.Storage.FileSystem.Server.Tests", "tests\Proffer.Storage.FileSystem.Server.Tests\Proffer.Storage.FileSystem.Server.Tests.csproj", "{FDA33857-554F-4616-A674-06417AD6A0AF}"
EndProject
Project("{9A19103F-16F7-4668-BE54-9A1E7A4F7556}") = "Proffer.Storage.Azure.Blobs", "src\Proffer.Storage.Azure.Blobs\Proffer.Storage.Azure.Blobs.csproj", "{E0015649-ADB8-4D25-A14E-B2D5D3AD633F}"
EndProject
Project("{9A19103F-16F7-4668-BE54-9A1E7A4F7556}") = "Proffer.Storage.Azure.Blobs.Tests", "tests\Proffer.Storage.Azure.Blobs.Tests\Proffer.Storage.Azure.Blobs.Tests.csproj", "{FE0568DD-0D79-4A87-B67D-751E8880F909}"
EndProject
Project("{9A19103F-16F7-4668-BE54-9A1E7A4F7556}") = "Proffer.Azure", "src\Proffer.Azure\Proffer.Azure.csproj", "{25BE0184-A4E6-4373-9096-A9ACE46C6553}"
EndProject
Project("{9A19103F-16F7-4668-BE54-9A1E7A4F7556}") = "Proffer", "src\Proffer\Proffer.csproj", "{61E7D303-3E52-43CF-B873-DD210A701E0C}"
EndProject
Project("{9A19103F-16F7-4668-BE54-9A1E7A4F7556}") = "Proffer.Templating.Tests", "tests\Proffer.Templating.Tests\Proffer.Templating.Tests.csproj", "{A6740E9D-C7B0-41F3-9CB4-0B5461DEDE19}"
EndProject
Project("{9A19103F-16F7-4668-BE54-9A1E7A4F7556}") = "Proffer.Templating.Handlerbars.Tests", "tests\Proffer.Templating.Handlerbars.Tests\Proffer.Templating.Handlerbars.Tests.csproj", "{4ECC66C7-F737-48AC-86EA-33065DAF13E6}"
EndProject
Project("{9A19103F-16F7-4668-BE54-9A1E7A4F7556}") = "Proffer.Templating.Mustache.Tests", "tests\Proffer.Templating.Mustache.Tests\Proffer.Templating.Mustache.Tests.csproj", "{348D814D-4CC8-4B02-B552-9708C17C1176}"
EndProject
Project("{9A19103F-16F7-4668-BE54-9A1E7A4F7556}") = "Proffer.Email.Tests", "tests\Proffer.Email.Tests\Proffer.Email.Tests.csproj", "{912A7766-6FA4-49E2-8256-BAF3181BA1CA}"
EndProject
Project("{FAE04EC0-301F-11D3-BF4B-00C04F79EFBC}") = "Proffer.Email.InMemory.Tests", "tests\Proffer.Email.InMemory.Tests\Proffer.Email.InMemory.Tests.csproj", "{0A6C1CB3-809F-4930-AE97-AAC77CEF957A}"
EndProject
Project("{FAE04EC0-301F-11D3-BF4B-00C04F79EFBC}") = "Proffer.Email.Smtp.Tests", "tests\Proffer.Email.Smtp.Tests\Proffer.Email.Smtp.Tests.csproj", "{4677285D-19A7-4B38-B056-1D946A51E47C}"
EndProject
Project("{9A19103F-16F7-4668-BE54-9A1E7A4F7556}") = "Proffer.Events", "src\Proffer.Events\Proffer.Events.csproj", "{BC8068EB-735C-4F38-B91F-44A71020435C}"
EndProject
Global
	GlobalSection(SolutionConfigurationPlatforms) = preSolution
		Debug|Any CPU = Debug|Any CPU
		Release|Any CPU = Release|Any CPU
	EndGlobalSection
	GlobalSection(ProjectConfigurationPlatforms) = postSolution
		{0CA36021-3FA3-4688-8D61-A2B8A0FB168C}.Debug|Any CPU.ActiveCfg = Debug|Any CPU
		{0CA36021-3FA3-4688-8D61-A2B8A0FB168C}.Debug|Any CPU.Build.0 = Debug|Any CPU
		{0CA36021-3FA3-4688-8D61-A2B8A0FB168C}.Release|Any CPU.ActiveCfg = Release|Any CPU
		{0CA36021-3FA3-4688-8D61-A2B8A0FB168C}.Release|Any CPU.Build.0 = Release|Any CPU
		{F53D7921-7828-4AF6-BE1E-DB81E80A65CC}.Debug|Any CPU.ActiveCfg = Debug|Any CPU
		{F53D7921-7828-4AF6-BE1E-DB81E80A65CC}.Debug|Any CPU.Build.0 = Debug|Any CPU
		{F53D7921-7828-4AF6-BE1E-DB81E80A65CC}.Release|Any CPU.ActiveCfg = Release|Any CPU
		{F53D7921-7828-4AF6-BE1E-DB81E80A65CC}.Release|Any CPU.Build.0 = Release|Any CPU
		{E72BC0D9-6BD2-4D8D-8A59-ABB2815B1E85}.Debug|Any CPU.ActiveCfg = Debug|Any CPU
		{E72BC0D9-6BD2-4D8D-8A59-ABB2815B1E85}.Debug|Any CPU.Build.0 = Debug|Any CPU
		{E72BC0D9-6BD2-4D8D-8A59-ABB2815B1E85}.Release|Any CPU.ActiveCfg = Release|Any CPU
		{E72BC0D9-6BD2-4D8D-8A59-ABB2815B1E85}.Release|Any CPU.Build.0 = Release|Any CPU
		{BB8C05EF-BC14-4C92-9B07-2A616BA0FF45}.Debug|Any CPU.ActiveCfg = Debug|Any CPU
		{BB8C05EF-BC14-4C92-9B07-2A616BA0FF45}.Debug|Any CPU.Build.0 = Debug|Any CPU
		{BB8C05EF-BC14-4C92-9B07-2A616BA0FF45}.Release|Any CPU.ActiveCfg = Release|Any CPU
		{BB8C05EF-BC14-4C92-9B07-2A616BA0FF45}.Release|Any CPU.Build.0 = Release|Any CPU
		{A4D06911-E1A1-4339-A0F0-0F851F764EB4}.Debug|Any CPU.ActiveCfg = Debug|Any CPU
		{A4D06911-E1A1-4339-A0F0-0F851F764EB4}.Debug|Any CPU.Build.0 = Debug|Any CPU
		{A4D06911-E1A1-4339-A0F0-0F851F764EB4}.Release|Any CPU.ActiveCfg = Release|Any CPU
		{A4D06911-E1A1-4339-A0F0-0F851F764EB4}.Release|Any CPU.Build.0 = Release|Any CPU
		{EC165D4F-A105-482F-B1B5-9BF187410C62}.Debug|Any CPU.ActiveCfg = Debug|Any CPU
		{EC165D4F-A105-482F-B1B5-9BF187410C62}.Debug|Any CPU.Build.0 = Debug|Any CPU
		{EC165D4F-A105-482F-B1B5-9BF187410C62}.Release|Any CPU.ActiveCfg = Release|Any CPU
		{EC165D4F-A105-482F-B1B5-9BF187410C62}.Release|Any CPU.Build.0 = Release|Any CPU
		{E4F3443D-5922-4E44-91A2-3645B2E18949}.Debug|Any CPU.ActiveCfg = Debug|Any CPU
		{E4F3443D-5922-4E44-91A2-3645B2E18949}.Debug|Any CPU.Build.0 = Debug|Any CPU
		{E4F3443D-5922-4E44-91A2-3645B2E18949}.Release|Any CPU.ActiveCfg = Release|Any CPU
		{E4F3443D-5922-4E44-91A2-3645B2E18949}.Release|Any CPU.Build.0 = Release|Any CPU
		{FC2F0665-F55E-4557-90F8-DC66AA2C8658}.Debug|Any CPU.ActiveCfg = Debug|Any CPU
		{FC2F0665-F55E-4557-90F8-DC66AA2C8658}.Debug|Any CPU.Build.0 = Debug|Any CPU
		{FC2F0665-F55E-4557-90F8-DC66AA2C8658}.Release|Any CPU.ActiveCfg = Release|Any CPU
		{FC2F0665-F55E-4557-90F8-DC66AA2C8658}.Release|Any CPU.Build.0 = Release|Any CPU
		{D930DB6F-D3EF-4274-AC56-48268B68F6C2}.Debug|Any CPU.ActiveCfg = Debug|Any CPU
		{D930DB6F-D3EF-4274-AC56-48268B68F6C2}.Debug|Any CPU.Build.0 = Debug|Any CPU
		{D930DB6F-D3EF-4274-AC56-48268B68F6C2}.Release|Any CPU.ActiveCfg = Release|Any CPU
		{D930DB6F-D3EF-4274-AC56-48268B68F6C2}.Release|Any CPU.Build.0 = Release|Any CPU
		{71EB6650-2C03-4DA2-89FA-C4443CB0FB2A}.Debug|Any CPU.ActiveCfg = Debug|Any CPU
		{71EB6650-2C03-4DA2-89FA-C4443CB0FB2A}.Debug|Any CPU.Build.0 = Debug|Any CPU
		{71EB6650-2C03-4DA2-89FA-C4443CB0FB2A}.Release|Any CPU.ActiveCfg = Release|Any CPU
		{71EB6650-2C03-4DA2-89FA-C4443CB0FB2A}.Release|Any CPU.Build.0 = Release|Any CPU
		{60BA8317-9CDB-4002-9E43-88EB8BBB3280}.Debug|Any CPU.ActiveCfg = Debug|Any CPU
		{60BA8317-9CDB-4002-9E43-88EB8BBB3280}.Debug|Any CPU.Build.0 = Debug|Any CPU
		{60BA8317-9CDB-4002-9E43-88EB8BBB3280}.Release|Any CPU.ActiveCfg = Release|Any CPU
		{60BA8317-9CDB-4002-9E43-88EB8BBB3280}.Release|Any CPU.Build.0 = Release|Any CPU
		{815899B8-C129-469A-B169-2A59E65181F1}.Debug|Any CPU.ActiveCfg = Debug|Any CPU
		{815899B8-C129-469A-B169-2A59E65181F1}.Debug|Any CPU.Build.0 = Debug|Any CPU
		{815899B8-C129-469A-B169-2A59E65181F1}.Release|Any CPU.ActiveCfg = Release|Any CPU
		{815899B8-C129-469A-B169-2A59E65181F1}.Release|Any CPU.Build.0 = Release|Any CPU
		{A1BABC33-523C-419B-8407-67A3BCE53737}.Debug|Any CPU.ActiveCfg = Debug|Any CPU
		{A1BABC33-523C-419B-8407-67A3BCE53737}.Debug|Any CPU.Build.0 = Debug|Any CPU
		{A1BABC33-523C-419B-8407-67A3BCE53737}.Release|Any CPU.ActiveCfg = Release|Any CPU
		{A1BABC33-523C-419B-8407-67A3BCE53737}.Release|Any CPU.Build.0 = Release|Any CPU
		{1BBECE5A-7008-4D23-9DC6-FEC42AB57D85}.Debug|Any CPU.ActiveCfg = Debug|Any CPU
		{1BBECE5A-7008-4D23-9DC6-FEC42AB57D85}.Debug|Any CPU.Build.0 = Debug|Any CPU
		{1BBECE5A-7008-4D23-9DC6-FEC42AB57D85}.Release|Any CPU.ActiveCfg = Release|Any CPU
		{1BBECE5A-7008-4D23-9DC6-FEC42AB57D85}.Release|Any CPU.Build.0 = Release|Any CPU
		{62473356-141D-438C-8D51-D34191F08A26}.Debug|Any CPU.ActiveCfg = Debug|Any CPU
		{62473356-141D-438C-8D51-D34191F08A26}.Debug|Any CPU.Build.0 = Debug|Any CPU
		{62473356-141D-438C-8D51-D34191F08A26}.Release|Any CPU.ActiveCfg = Release|Any CPU
		{62473356-141D-438C-8D51-D34191F08A26}.Release|Any CPU.Build.0 = Release|Any CPU
		{1C21F39F-1045-4890-820E-F4328A2BAF86}.Debug|Any CPU.ActiveCfg = Debug|Any CPU
		{1C21F39F-1045-4890-820E-F4328A2BAF86}.Debug|Any CPU.Build.0 = Debug|Any CPU
		{1C21F39F-1045-4890-820E-F4328A2BAF86}.Release|Any CPU.ActiveCfg = Release|Any CPU
		{1C21F39F-1045-4890-820E-F4328A2BAF86}.Release|Any CPU.Build.0 = Release|Any CPU
		{FDA33857-554F-4616-A674-06417AD6A0AF}.Debug|Any CPU.ActiveCfg = Debug|Any CPU
		{FDA33857-554F-4616-A674-06417AD6A0AF}.Debug|Any CPU.Build.0 = Debug|Any CPU
		{FDA33857-554F-4616-A674-06417AD6A0AF}.Release|Any CPU.ActiveCfg = Release|Any CPU
		{FDA33857-554F-4616-A674-06417AD6A0AF}.Release|Any CPU.Build.0 = Release|Any CPU
		{E0015649-ADB8-4D25-A14E-B2D5D3AD633F}.Debug|Any CPU.ActiveCfg = Debug|Any CPU
		{E0015649-ADB8-4D25-A14E-B2D5D3AD633F}.Debug|Any CPU.Build.0 = Debug|Any CPU
		{E0015649-ADB8-4D25-A14E-B2D5D3AD633F}.Release|Any CPU.ActiveCfg = Release|Any CPU
		{E0015649-ADB8-4D25-A14E-B2D5D3AD633F}.Release|Any CPU.Build.0 = Release|Any CPU
		{FE0568DD-0D79-4A87-B67D-751E8880F909}.Debug|Any CPU.ActiveCfg = Debug|Any CPU
		{FE0568DD-0D79-4A87-B67D-751E8880F909}.Debug|Any CPU.Build.0 = Debug|Any CPU
		{FE0568DD-0D79-4A87-B67D-751E8880F909}.Release|Any CPU.ActiveCfg = Release|Any CPU
		{FE0568DD-0D79-4A87-B67D-751E8880F909}.Release|Any CPU.Build.0 = Release|Any CPU
		{25BE0184-A4E6-4373-9096-A9ACE46C6553}.Debug|Any CPU.ActiveCfg = Debug|Any CPU
		{25BE0184-A4E6-4373-9096-A9ACE46C6553}.Debug|Any CPU.Build.0 = Debug|Any CPU
		{25BE0184-A4E6-4373-9096-A9ACE46C6553}.Release|Any CPU.ActiveCfg = Release|Any CPU
		{25BE0184-A4E6-4373-9096-A9ACE46C6553}.Release|Any CPU.Build.0 = Release|Any CPU
		{61E7D303-3E52-43CF-B873-DD210A701E0C}.Debug|Any CPU.ActiveCfg = Debug|Any CPU
		{61E7D303-3E52-43CF-B873-DD210A701E0C}.Debug|Any CPU.Build.0 = Debug|Any CPU
		{61E7D303-3E52-43CF-B873-DD210A701E0C}.Release|Any CPU.ActiveCfg = Release|Any CPU
		{61E7D303-3E52-43CF-B873-DD210A701E0C}.Release|Any CPU.Build.0 = Release|Any CPU
		{A6740E9D-C7B0-41F3-9CB4-0B5461DEDE19}.Debug|Any CPU.ActiveCfg = Debug|Any CPU
		{A6740E9D-C7B0-41F3-9CB4-0B5461DEDE19}.Debug|Any CPU.Build.0 = Debug|Any CPU
		{A6740E9D-C7B0-41F3-9CB4-0B5461DEDE19}.Release|Any CPU.ActiveCfg = Release|Any CPU
		{A6740E9D-C7B0-41F3-9CB4-0B5461DEDE19}.Release|Any CPU.Build.0 = Release|Any CPU
		{4ECC66C7-F737-48AC-86EA-33065DAF13E6}.Debug|Any CPU.ActiveCfg = Debug|Any CPU
		{4ECC66C7-F737-48AC-86EA-33065DAF13E6}.Debug|Any CPU.Build.0 = Debug|Any CPU
		{4ECC66C7-F737-48AC-86EA-33065DAF13E6}.Release|Any CPU.ActiveCfg = Release|Any CPU
		{4ECC66C7-F737-48AC-86EA-33065DAF13E6}.Release|Any CPU.Build.0 = Release|Any CPU
		{348D814D-4CC8-4B02-B552-9708C17C1176}.Debug|Any CPU.ActiveCfg = Debug|Any CPU
		{348D814D-4CC8-4B02-B552-9708C17C1176}.Debug|Any CPU.Build.0 = Debug|Any CPU
		{348D814D-4CC8-4B02-B552-9708C17C1176}.Release|Any CPU.ActiveCfg = Release|Any CPU
		{348D814D-4CC8-4B02-B552-9708C17C1176}.Release|Any CPU.Build.0 = Release|Any CPU
		{912A7766-6FA4-49E2-8256-BAF3181BA1CA}.Debug|Any CPU.ActiveCfg = Debug|Any CPU
		{912A7766-6FA4-49E2-8256-BAF3181BA1CA}.Debug|Any CPU.Build.0 = Debug|Any CPU
		{912A7766-6FA4-49E2-8256-BAF3181BA1CA}.Release|Any CPU.ActiveCfg = Release|Any CPU
		{912A7766-6FA4-49E2-8256-BAF3181BA1CA}.Release|Any CPU.Build.0 = Release|Any CPU
		{0A6C1CB3-809F-4930-AE97-AAC77CEF957A}.Debug|Any CPU.ActiveCfg = Debug|Any CPU
		{0A6C1CB3-809F-4930-AE97-AAC77CEF957A}.Debug|Any CPU.Build.0 = Debug|Any CPU
		{0A6C1CB3-809F-4930-AE97-AAC77CEF957A}.Release|Any CPU.ActiveCfg = Release|Any CPU
		{0A6C1CB3-809F-4930-AE97-AAC77CEF957A}.Release|Any CPU.Build.0 = Release|Any CPU
		{4677285D-19A7-4B38-B056-1D946A51E47C}.Debug|Any CPU.ActiveCfg = Debug|Any CPU
		{4677285D-19A7-4B38-B056-1D946A51E47C}.Debug|Any CPU.Build.0 = Debug|Any CPU
		{4677285D-19A7-4B38-B056-1D946A51E47C}.Release|Any CPU.ActiveCfg = Release|Any CPU
		{4677285D-19A7-4B38-B056-1D946A51E47C}.Release|Any CPU.Build.0 = Release|Any CPU
		{BC8068EB-735C-4F38-B91F-44A71020435C}.Debug|Any CPU.ActiveCfg = Debug|Any CPU
		{BC8068EB-735C-4F38-B91F-44A71020435C}.Debug|Any CPU.Build.0 = Debug|Any CPU
		{BC8068EB-735C-4F38-B91F-44A71020435C}.Release|Any CPU.ActiveCfg = Release|Any CPU
		{BC8068EB-735C-4F38-B91F-44A71020435C}.Release|Any CPU.Build.0 = Release|Any CPU
	EndGlobalSection
	GlobalSection(SolutionProperties) = preSolution
		HideSolutionNode = FALSE
	EndGlobalSection
	GlobalSection(NestedProjects) = preSolution
		{4E4394F6-91C7-43E2-BEDA-B7F8EBBA2C68} = {A08DBB7E-DDD4-49BB-9A49-5E3FB88EE878}
		{0CA36021-3FA3-4688-8D61-A2B8A0FB168C} = {8B67DB72-5CC8-441F-9EFF-8F41BB637DA8}
		{F53D7921-7828-4AF6-BE1E-DB81E80A65CC} = {8B67DB72-5CC8-441F-9EFF-8F41BB637DA8}
		{E72BC0D9-6BD2-4D8D-8A59-ABB2815B1E85} = {8B67DB72-5CC8-441F-9EFF-8F41BB637DA8}
		{BB8C05EF-BC14-4C92-9B07-2A616BA0FF45} = {8B67DB72-5CC8-441F-9EFF-8F41BB637DA8}
		{A4D06911-E1A1-4339-A0F0-0F851F764EB4} = {8B67DB72-5CC8-441F-9EFF-8F41BB637DA8}
		{EC165D4F-A105-482F-B1B5-9BF187410C62} = {8B67DB72-5CC8-441F-9EFF-8F41BB637DA8}
		{E4F3443D-5922-4E44-91A2-3645B2E18949} = {8B67DB72-5CC8-441F-9EFF-8F41BB637DA8}
		{FC2F0665-F55E-4557-90F8-DC66AA2C8658} = {8B67DB72-5CC8-441F-9EFF-8F41BB637DA8}
		{D930DB6F-D3EF-4274-AC56-48268B68F6C2} = {8B67DB72-5CC8-441F-9EFF-8F41BB637DA8}
		{71EB6650-2C03-4DA2-89FA-C4443CB0FB2A} = {8B67DB72-5CC8-441F-9EFF-8F41BB637DA8}
		{60BA8317-9CDB-4002-9E43-88EB8BBB3280} = {8B67DB72-5CC8-441F-9EFF-8F41BB637DA8}
		{815899B8-C129-469A-B169-2A59E65181F1} = {EB0DAEC2-2EEE-4833-8180-353882615CEC}
		{A1BABC33-523C-419B-8407-67A3BCE53737} = {EB0DAEC2-2EEE-4833-8180-353882615CEC}
		{1BBECE5A-7008-4D23-9DC6-FEC42AB57D85} = {EB0DAEC2-2EEE-4833-8180-353882615CEC}
		{62473356-141D-438C-8D51-D34191F08A26} = {EB0DAEC2-2EEE-4833-8180-353882615CEC}
		{1C21F39F-1045-4890-820E-F4328A2BAF86} = {EB0DAEC2-2EEE-4833-8180-353882615CEC}
		{FDA33857-554F-4616-A674-06417AD6A0AF} = {EB0DAEC2-2EEE-4833-8180-353882615CEC}
		{E0015649-ADB8-4D25-A14E-B2D5D3AD633F} = {8B67DB72-5CC8-441F-9EFF-8F41BB637DA8}
		{FE0568DD-0D79-4A87-B67D-751E8880F909} = {EB0DAEC2-2EEE-4833-8180-353882615CEC}
		{25BE0184-A4E6-4373-9096-A9ACE46C6553} = {8B67DB72-5CC8-441F-9EFF-8F41BB637DA8}
		{61E7D303-3E52-43CF-B873-DD210A701E0C} = {8B67DB72-5CC8-441F-9EFF-8F41BB637DA8}
		{A6740E9D-C7B0-41F3-9CB4-0B5461DEDE19} = {EB0DAEC2-2EEE-4833-8180-353882615CEC}
		{4ECC66C7-F737-48AC-86EA-33065DAF13E6} = {EB0DAEC2-2EEE-4833-8180-353882615CEC}
		{348D814D-4CC8-4B02-B552-9708C17C1176} = {EB0DAEC2-2EEE-4833-8180-353882615CEC}
		{912A7766-6FA4-49E2-8256-BAF3181BA1CA} = {EB0DAEC2-2EEE-4833-8180-353882615CEC}
		{0A6C1CB3-809F-4930-AE97-AAC77CEF957A} = {EB0DAEC2-2EEE-4833-8180-353882615CEC}
		{4677285D-19A7-4B38-B056-1D946A51E47C} = {EB0DAEC2-2EEE-4833-8180-353882615CEC}
		{BC8068EB-735C-4F38-B91F-44A71020435C} = {8B67DB72-5CC8-441F-9EFF-8F41BB637DA8}
	EndGlobalSection
	GlobalSection(ExtensibilityGlobals) = postSolution
		SolutionGuid = {6E14A063-006D-442F-BBA4-C9CF12D2438A}
	EndGlobalSection
EndGlobal
